<?xml version="1.0" encoding="utf-8"?>
<Project ToolsVersion="4.0" xmlns="http://schemas.microsoft.com/developer/msbuild/2003">
  <ItemGroup>
    <FxCompile Include="TestShader.fx" />
    <FxCompile Include="BlitzShaderDefault.hlsl" />
    <FxCompile Include="BzShaderUV.hlsl" />
    <FxCompile Include="CubeTestShaderUV.hlsl" />
    <FxCompile Include="TestShader2.fx" />
  </ItemGroup>
</Project>