<?xml version="1.0" encoding="utf-8"?>
<Project ToolsVersion="4.0" xmlns="http://schemas.microsoft.com/developer/msbuild/2003">
  <ItemGroup>
    <ClInclude Include="EngineCore.h" />
    <ClInclude Include="PreCompile.h" />
    <ClInclude Include="IContentsCore.h">
      <Filter>Interface</Filter>
    </ClInclude>
    <ClInclude Include="SceneComponent.h">
      <Filter>Object\Component</Filter>
    </ClInclude>
    <ClInclude Include="ActorComponent.h">
      <Filter>Object\Component</Filter>
    </ClInclude>
    <ClInclude Include="Pawn.h">
      <Filter>Object\Actor</Filter>
    </ClInclude>
    <ClInclude Include="GameMode.h">
      <Filter>Object\Actor</Filter>
    </ClInclude>
    <ClInclude Include="EngineGraphicDevice.h">
      <Filter>Graphic</Filter>
    </ClInclude>
    <ClInclude Include="Level.h">
      <Filter>Object\Actor</Filter>
    </ClInclude>
    <ClInclude Include="Actor.h">
      <Filter>Object\Actor</Filter>
    </ClInclude>
    <ClInclude Include="CameraActor.h">
      <Filter>Render</Filter>
    </ClInclude>
    <ClInclude Include="EngineCamera.h">
      <Filter>Render</Filter>
    </ClInclude>
    <ClInclude Include="EngineTexture.h">
      <Filter>Resource</Filter>
    </ClInclude>
    <ClInclude Include="EngineResources.h">
      <Filter>Resource</Filter>
    </ClInclude>
    <ClInclude Include="SpriteRenderer.h">
      <Filter>Object\Component\Contents</Filter>
    </ClInclude>
    <ClInclude Include="Renderer.h">
      <Filter>Object\Component\Render</Filter>
    </ClInclude>
    <ClInclude Include="ThirdParty\DirectxTex\Inc\DirectXTex.h">
      <Filter>ThirdParty\DirectxTex\Inc</Filter>
    </ClInclude>
    <ClInclude Include="EngineSprite.h" />
    <ClInclude Include="EngineGUI.h" />
    <ClInclude Include="imstb_truetype.h">
      <Filter>ThirdParty\IMGUI</Filter>
    </ClInclude>
    <ClInclude Include="imconfig.h">
      <Filter>ThirdParty\IMGUI</Filter>
    </ClInclude>
    <ClInclude Include="imgui.h">
      <Filter>ThirdParty\IMGUI</Filter>
    </ClInclude>
    <ClInclude Include="imgui_impl_dx11.h">
      <Filter>ThirdParty\IMGUI</Filter>
    </ClInclude>
    <ClInclude Include="imgui_impl_win32.h">
      <Filter>ThirdParty\IMGUI</Filter>
    </ClInclude>
    <ClInclude Include="imgui_internal.h">
      <Filter>ThirdParty\IMGUI</Filter>
    </ClInclude>
    <ClInclude Include="imstb_rectpack.h">
      <Filter>ThirdParty\IMGUI</Filter>
    </ClInclude>
    <ClInclude Include="imstb_textedit.h">
      <Filter>ThirdParty\IMGUI</Filter>
    </ClInclude>
    <ClInclude Include="EngineGUIWindow.h" />
  </ItemGroup>
  <ItemGroup>
    <ClCompile Include="EngineCore.cpp" />
    <ClCompile Include="PreCompile.cpp" />
    <ClCompile Include="SceneComponent.cpp">
      <Filter>Object\Component</Filter>
    </ClCompile>
    <ClCompile Include="ActorComponent.cpp">
      <Filter>Object\Component</Filter>
    </ClCompile>
    <ClCompile Include="Pawn.cpp">
      <Filter>Object\Actor</Filter>
    </ClCompile>
    <ClCompile Include="GameMode.cpp">
      <Filter>Object\Actor</Filter>
    </ClCompile>
    <ClCompile Include="EngineGraphicDevice.cpp">
      <Filter>Graphic</Filter>
    </ClCompile>
    <ClCompile Include="Actor.cpp">
      <Filter>Object\Actor</Filter>
    </ClCompile>
    <ClCompile Include="Level.cpp">
      <Filter>Object\Actor</Filter>
    </ClCompile>
    <ClCompile Include="CameraActor.cpp">
      <Filter>Render</Filter>
    </ClCompile>
    <ClCompile Include="EngineCamera.cpp">
      <Filter>Render</Filter>
    </ClCompile>
    <ClCompile Include="EngineTexture.cpp">
      <Filter>Resource</Filter>
    </ClCompile>
    <ClCompile Include="EngineResources.cpp">
      <Filter>Resource</Filter>
    </ClCompile>
    <ClCompile Include="SpriteRenderer.cpp">
      <Filter>Object\Component\Contents</Filter>
    </ClCompile>
    <ClCompile Include="Renderer.cpp">
      <Filter>Object\Component\Render</Filter>
    </ClCompile>
    <ClCompile Include="EngineSprite.cpp" />
    <ClCompile Include="EngineGUI.cpp" />
    <ClCompile Include="imgui.cpp">
      <Filter>ThirdParty\IMGUI</Filter>
    </ClCompile>
    <ClCompile Include="imgui_draw.cpp">
      <Filter>ThirdParty\IMGUI</Filter>
    </ClCompile>
    <ClCompile Include="imgui_impl_dx11.cpp">
      <Filter>ThirdParty\IMGUI</Filter>
    </ClCompile>
    <ClCompile Include="imgui_impl_win32.cpp">
      <Filter>ThirdParty\IMGUI</Filter>
    </ClCompile>
    <ClCompile Include="imgui_tables.cpp">
      <Filter>ThirdParty\IMGUI</Filter>
    </ClCompile>
    <ClCompile Include="imgui_widgets.cpp">
      <Filter>ThirdParty\IMGUI</Filter>
    </ClCompile>
    <ClCompile Include="EngineGUIWindow.cpp" />
  </ItemGroup>
  <ItemGroup>
    <Filter Include="Interface">
      <UniqueIdentifier>{668899aa-52ba-45e7-912c-1cda8f50c9e7}</UniqueIdentifier>
    </Filter>
    <Filter Include="Object">
      <UniqueIdentifier>{f95a3560-9daf-4e38-82d3-a546ae25d39e}</UniqueIdentifier>
    </Filter>
    <Filter Include="Object\Component">
      <UniqueIdentifier>{0b71c68f-8da4-4365-9294-2138a1551799}</UniqueIdentifier>
    </Filter>
    <Filter Include="Object\Actor">
      <UniqueIdentifier>{3dce4654-9dea-4faa-96c1-6a9780d83397}</UniqueIdentifier>
    </Filter>
    <Filter Include="Graphic">
      <UniqueIdentifier>{4cdba11e-bd14-4112-ad28-f7090a248963}</UniqueIdentifier>
    </Filter>
    <Filter Include="Render">
      <UniqueIdentifier>{57453cca-633f-4959-a114-fb00e4268b55}</UniqueIdentifier>
    </Filter>
    <Filter Include="ThirdParty">
      <UniqueIdentifier>{8ddb793b-1b53-4fa4-b2f0-c562aec52e5a}</UniqueIdentifier>
    </Filter>
    <Filter Include="ThirdParty\DirectxTex">
      <UniqueIdentifier>{59a0e4cd-de4d-403d-b41b-29bdcfb29fe7}</UniqueIdentifier>
    </Filter>
    <Filter Include="ThirdParty\DirectxTex\Debug">
      <UniqueIdentifier>{7510adc3-d966-4137-83ef-55a4e13c67ca}</UniqueIdentifier>
    </Filter>
    <Filter Include="ThirdParty\DirectxTex\Inc">
      <UniqueIdentifier>{e91677c4-5769-4685-9459-2b04fed8e68d}</UniqueIdentifier>
    </Filter>
    <Filter Include="Object\Component\Contents">
      <UniqueIdentifier>{2a6f9d22-3ae1-4000-964d-2b6a97ed97bd}</UniqueIdentifier>
    </Filter>
    <Filter Include="Resource">
      <UniqueIdentifier>{5dc46d7e-0326-472d-becf-5a5df4142687}</UniqueIdentifier>
    </Filter>
    <Filter Include="Object\Component\Render">
      <UniqueIdentifier>{d7745a91-40bc-41b5-9db6-af6e71a9e6f4}</UniqueIdentifier>
    </Filter>
    <Filter Include="ThirdParty\DirectxTex\Release">
      <UniqueIdentifier>{a17892b3-902b-488d-8fec-88453d73353e}</UniqueIdentifier>
    </Filter>
    <Filter Include="ThirdParty\IMGUI">
      <UniqueIdentifier>{089b2a0d-4f52-4857-be59-085670e2c40f}</UniqueIdentifier>
    </Filter>
  </ItemGroup>
  <ItemGroup>
    <Library Include="ThirdParty\DirectxTex\Debug\DirectXTex_Debug.lib">
      <Filter>ThirdParty\DirectxTex\Debug</Filter>
    </Library>
    <Library Include="ThirdParty\DirectxTex\Release\DirectXTex_Release.lib">
      <Filter>ThirdParty\DirectxTex\Release</Filter>
    </Library>
  </ItemGroup>
  <ItemGroup>
    <None Include="ThirdParty\DirectxTex\Inc\DirectXTex.inl">
      <Filter>ThirdParty\DirectxTex\Inc</Filter>
    </None>
  </ItemGroup>
</Project>