<?xml version="1.0" encoding="utf-8"?>
<Project ToolsVersion="4.0" xmlns="http://schemas.microsoft.com/developer/msbuild/2003">
  <ItemGroup>
    <ClInclude Include="PreCompile.h" />
    <ClInclude Include="TitleLogo.h">
      <Filter>Jo\Title</Filter>
    </ClInclude>
    <ClInclude Include="TitleGameMode.h">
      <Filter>Jo\GameMode</Filter>
    </ClInclude>
    <ClInclude Include="ContentsCore.h">
      <Filter>Jo</Filter>
    </ClInclude>
    <ClInclude Include="MyCustomRenderer.h">
      <Filter>Jo\Render</Filter>
    </ClInclude>
    <ClInclude Include="GMConst.h">
      <Filter>Jo</Filter>
    </ClInclude>
    <ClInclude Include="TileMapGameMode.h">
      <Filter>Jo\GameMode</Filter>
    </ClInclude>
    <ClInclude Include="Player.h">
      <Filter>Jo\Title</Filter>
    </ClInclude>
    <ClInclude Include="Monster2.h">
      <Filter>Jo\Title</Filter>
    </ClInclude>
    <ClInclude Include="Monster.h">
      <Filter>Jo\Title</Filter>
    </ClInclude>
    <ClInclude Include="ContentsEditorGUI.h">
      <Filter>Jo\GUI</Filter>
    </ClInclude>
    <ClInclude Include="MyRenderer.h">
      <Filter>Jo\Render</Filter>
    </ClInclude>
    <ClInclude Include="AMon.h">
      <Filter>Jo\Title</Filter>
    </ClInclude>
    <ClInclude Include="BzBottomTmp.h">
      <Filter>Blitz\Tmp</Filter>
    </ClInclude>
    <ClInclude Include="BzCore.h">
      <Filter>Blitz\Core</Filter>
    </ClInclude>
    <ClInclude Include="BzEnemyCube.h">
      <Filter>Blitz\Character</Filter>
    </ClInclude>
    <ClInclude Include="BzPlayerCube.h">
      <Filter>Blitz\Character</Filter>
    </ClInclude>
    <ClInclude Include="BzGameMode_Intro.h">
      <Filter>Blitz\GameMode</Filter>
    </ClInclude>
    <ClInclude Include="BzProjectile.h">
      <Filter>Blitz\Skill</Filter>
    </ClInclude>
    <ClInclude Include="BzRendererDefault.h">
      <Filter>Blitz\Resource</Filter>
    </ClInclude>
    <ClInclude Include="BzTileMapGameMode.h">
      <Filter>Blitz\GameMode</Filter>
    </ClInclude>
    <ClInclude Include="BzEnemyCubeBig.h">
      <Filter>Blitz\Character</Filter>
    </ClInclude>
    <ClInclude Include="BzEnemy.h">
      <Filter>Blitz\Character</Filter>
    </ClInclude>
    <ClInclude Include="BzConst.h">
      <Filter>Blitz</Filter>
    </ClInclude>
    <ClInclude Include="TitleHUD.h">
      <Filter>Jo</Filter>
    </ClInclude>
    <ClInclude Include="BzHUD.h">
      <Filter>Blitz\UI</Filter>
    </ClInclude>
    <ClInclude Include="Skl_BzRockfall.h">
      <Filter>Blitz\Skill</Filter>
    </ClInclude>
    <ClInclude Include="CubeTest_GameMode.h">
      <Filter>CubeTest</Filter>
    </ClInclude>
    <ClInclude Include="CubeTest_Player.h">
      <Filter>CubeTest</Filter>
    </ClInclude>
    <ClInclude Include="CubeTest_Core.h">
      <Filter>CubeTest</Filter>
    </ClInclude>
    <ClInclude Include="CubeTest_Renderer.h">
      <Filter>CubeTest</Filter>
    </ClInclude>
    <ClInclude Include="GMStruct.h">
      <Filter>Jo</Filter>
    </ClInclude>
    <ClInclude Include="TestGameMode.h">
      <Filter>Jo\GameMode</Filter>
    </ClInclude>
    <ClInclude Include="MyGameInstance.h">
      <Filter>Jo\Global</Filter>
    </ClInclude>
    <ClInclude Include="TestActor.h">
      <Filter>Jo\Title</Filter>
    </ClInclude>
  </ItemGroup>
  <ItemGroup>
    <ClCompile Include="PreCompile.cpp" />
    <ClCompile Include="TitleLogo.cpp">
      <Filter>Jo\Title</Filter>
    </ClCompile>
    <ClCompile Include="TitleGameMode.cpp">
      <Filter>Jo\GameMode</Filter>
    </ClCompile>
    <ClCompile Include="ContentsCore.cpp">
      <Filter>Jo</Filter>
    </ClCompile>
    <ClCompile Include="MyCustomRenderer.cpp">
      <Filter>Jo\Render</Filter>
    </ClCompile>
    <ClCompile Include="TileMapGameMode.cpp">
      <Filter>Jo\GameMode</Filter>
    </ClCompile>
    <ClCompile Include="ContentsCore_Resources.cpp">
      <Filter>Jo\Render</Filter>
    </ClCompile>
    <ClCompile Include="Player.cpp">
      <Filter>Jo\Title</Filter>
    </ClCompile>
    <ClCompile Include="Monster2.cpp">
      <Filter>Jo\Title</Filter>
    </ClCompile>
    <ClCompile Include="Monster.cpp">
      <Filter>Jo\Title</Filter>
    </ClCompile>
    <ClCompile Include="ContentsEditorGUI.cpp">
      <Filter>Jo\GUI</Filter>
    </ClCompile>
    <ClCompile Include="MyRenderer.cpp">
      <Filter>Jo\Render</Filter>
    </ClCompile>
    <ClCompile Include="AMon.cpp">
      <Filter>Jo\Title</Filter>
    </ClCompile>
    <ClCompile Include="BzBottomTmp.cpp">
      <Filter>Blitz\Tmp</Filter>
    </ClCompile>
    <ClCompile Include="BzCore.cpp">
      <Filter>Blitz\Core</Filter>
    </ClCompile>
    <ClCompile Include="BzEnemyCube.cpp">
      <Filter>Blitz\Character</Filter>
    </ClCompile>
    <ClCompile Include="BzPlayerCube.cpp">
      <Filter>Blitz\Character</Filter>
    </ClCompile>
    <ClCompile Include="BzGameMode_Intro.cpp">
      <Filter>Blitz\GameMode</Filter>
    </ClCompile>
    <ClCompile Include="BzProjectile.cpp">
      <Filter>Blitz\Skill</Filter>
    </ClCompile>
    <ClCompile Include="BzRendererDefault.cpp">
      <Filter>Blitz\Resource</Filter>
    </ClCompile>
    <ClCompile Include="BzResourceManager.cpp">
      <Filter>Blitz\Resource</Filter>
    </ClCompile>
    <ClCompile Include="BzTileMapGameMode.cpp">
      <Filter>Blitz\GameMode</Filter>
    </ClCompile>
    <ClCompile Include="BzEnemyCubeBig.cpp">
      <Filter>Blitz\Character</Filter>
    </ClCompile>
    <ClCompile Include="BzEnemy.cpp">
      <Filter>Blitz\Character</Filter>
    </ClCompile>
    <ClCompile Include="BzConst.cpp">
      <Filter>Blitz</Filter>
    </ClCompile>
    <ClCompile Include="TitleHUD.cpp">
      <Filter>Jo</Filter>
    </ClCompile>
    <ClCompile Include="BzHUD.cpp">
      <Filter>Blitz\UI</Filter>
    </ClCompile>
    <ClCompile Include="Skl_BzRockfall.cpp">
      <Filter>Blitz\Skill</Filter>
    </ClCompile>
    <ClCompile Include="CubeTest_GameMode.cpp">
      <Filter>CubeTest</Filter>
    </ClCompile>
    <ClCompile Include="CubeTest_Resource.cpp">
      <Filter>CubeTest</Filter>
    </ClCompile>
    <ClCompile Include="CubeTest_Player.cpp">
      <Filter>CubeTest</Filter>
    </ClCompile>
    <ClCompile Include="CubeTest_Core.cpp">
      <Filter>CubeTest</Filter>
    </ClCompile>
    <ClCompile Include="CubeTest_Renderer.cpp">
      <Filter>CubeTest</Filter>
    </ClCompile>
    <ClCompile Include="GMStruct.cpp">
      <Filter>Jo</Filter>
    </ClCompile>
    <ClCompile Include="TestGameMode.cpp">
      <Filter>Jo\GameMode</Filter>
    </ClCompile>
    <ClCompile Include="MyGameInstance.cpp">
      <Filter>Jo\Global</Filter>
    </ClCompile>
    <ClCompile Include="TestActor.cpp">
      <Filter>Jo\Title</Filter>
    </ClCompile>
  </ItemGroup>
  <ItemGroup>
    <Filter Include="Blitz">
      <UniqueIdentifier>{99dd8cf9-ee7a-40af-97c4-7d6e344bc6b2}</UniqueIdentifier>
    </Filter>
    <Filter Include="Jo">
      <UniqueIdentifier>{fa33cf36-1f68-448b-935d-c9953c9e168a}</UniqueIdentifier>
    </Filter>
    <Filter Include="Jo\Title">
      <UniqueIdentifier>{8207952c-5ef9-4824-9400-0bdd632a6047}</UniqueIdentifier>
    </Filter>
    <Filter Include="Jo\GameMode">
      <UniqueIdentifier>{5b668b73-3ff9-4e73-b990-772422d08e7a}</UniqueIdentifier>
    </Filter>
    <Filter Include="Jo\Render">
      <UniqueIdentifier>{a9de3d83-93ba-4562-a599-eaa8e979055e}</UniqueIdentifier>
    </Filter>
    <Filter Include="Jo\GUI">
      <UniqueIdentifier>{01a92484-7eab-4ea4-96ed-583618cfd333}</UniqueIdentifier>
    </Filter>
    <Filter Include="Blitz\Character">
      <UniqueIdentifier>{35415a1f-cce0-48a1-9925-9a7eadd18554}</UniqueIdentifier>
    </Filter>
    <Filter Include="Blitz\GameMode">
      <UniqueIdentifier>{38dc437d-7ed9-4a0d-a4ab-bb0685e8f269}</UniqueIdentifier>
    </Filter>
    <Filter Include="Blitz\Skill">
      <UniqueIdentifier>{44356477-6925-432d-b60a-a2c1c4b4b69e}</UniqueIdentifier>
    </Filter>
    <Filter Include="Blitz\Resource">
      <UniqueIdentifier>{039eba00-2467-43f5-84d0-b163106c73d5}</UniqueIdentifier>
    </Filter>
    <Filter Include="Blitz\Tmp">
      <UniqueIdentifier>{ce29f663-ec0d-4d9c-b4dd-396347df977e}</UniqueIdentifier>
    </Filter>
    <Filter Include="Blitz\Core">
      <UniqueIdentifier>{13c0214c-8b68-4c08-bae7-1eebce191c51}</UniqueIdentifier>
    </Filter>
    <Filter Include="Blitz\UI">
      <UniqueIdentifier>{05146978-3e6d-4b62-8634-7746ffd55e42}</UniqueIdentifier>
    </Filter>
    <Filter Include="CubeTest">
      <UniqueIdentifier>{baff60ec-9f31-44d5-8d0b-83b47a0e762a}</UniqueIdentifier>
    </Filter>
    <Filter Include="Jo\Global">
      <UniqueIdentifier>{21e73e1d-6b58-4080-9676-3308b8969b37}</UniqueIdentifier>
    </Filter>
  </ItemGroup>
</Project>